{
  "name": "@jlrwi/esfunctions",
  "version": "4.1.0",
  "lockfileVersion": 1,
  "requires": true,
  "dependencies": {
    "@jlrwi/jscheck": {
      "version": "file:../jscheck",
      "dev": true,
      "requires": {
        "@jlrwi/fulfill": "file:../fulfill"
      },
      "dependencies": {
        "@jlrwi/fulfill": {
          "version": "file:../fulfill",
          "dev": true
        }
      }
    }
  }
}
