{
  "name": "@jlrwi/esfunctions",
  "version": "5.0.0",
  "lockfileVersion": 3,
  "requires": true,
  "packages": {
    "": {
      "name": "@jlrwi/esfunctions",
      "version": "5.0.0",
      "license": "ISC",
      "devDependencies": {
        "@jlrwi/jscheck": "github:jlrwi/jscheck"
      }
    },
    "node_modules/@jlrwi/fulfill": {
      "version": "1.0.0",
      "resolved": "git+ssh://git@github.com/jlrwi/fulfill.git#3e19f118c9ff30639960e2bdeef577e0f2fcd8be",
      "integrity": "sha512-+kei7HNQvYrt9cmK0g8TDOi1TAI0H8oQhbhgmmlRH8gV6hA99quPcFZ4nOQzQPkCHtYjXIKj31nVXLKT+W5d5A==",
      "dev": true,
      "license": "ISC"
    },
    "node_modules/@jlrwi/jscheck": {
      "version": "1.1.1",
      "resolved": "git+ssh://git@github.com/jlrwi/jscheck.git#6bbb119c26901f4f64c021c91a119ddc179e99b5",
      "dev": true,
      "license": "ISC",
      "dependencies": {
        "@jlrwi/fulfill": "github:jlrwi/fulfill"
      }
    }
  }
}
