{
  "name": "@jlrwi/esfunctions",
  "version": "4.1.0",
  "lockfileVersion": 1,
  "requires": true,
  "dependencies": {
    "@jlrwi/fulfill": {
      "version": "github:jlrwi/fulfill#3e19f118c9ff30639960e2bdeef577e0f2fcd8be",
      "from": "github:jlrwi/fulfill",
      "dev": true
    },
    "@jlrwi/jscheck": {
      "version": "github:jlrwi/jscheck#e8ca03716e6388f8ac6efb16797bcf1b91703b7f",
      "from": "github:jlrwi/jscheck",
      "dev": true,
      "requires": {
        "@jlrwi/fulfill": "github:jlrwi/fulfill"
      }
    }
  }
}
